// !$*UTF8*$!
{
	archiveVersion = 1;
	classes = {
	};
	objectVersion = 50;
	objects = {

/* Begin PBXBuildFile section */
		F12805C122B68E7200E7BC7A /* AppDelegate.swift in Sources */ = {isa = PBXBuildFile; fileRef = F12805C022B68E7200E7BC7A /* AppDelegate.swift */; };
		F12805C322B68E7200E7BC7A /* ViewController.swift in Sources */ = {isa = PBXBuildFile; fileRef = F12805C222B68E7200E7BC7A /* ViewController.swift */; };
		F12805C622B68E7200E7BC7A /* Main.storyboard in Resources */ = {isa = PBXBuildFile; fileRef = F12805C422B68E7200E7BC7A /* Main.storyboard */; };
		F12805C822B68E7400E7BC7A /* Assets.xcassets in Resources */ = {isa = PBXBuildFile; fileRef = F12805C722B68E7400E7BC7A /* Assets.xcassets */; };
		F12805CB22B68E7400E7BC7A /* LaunchScreen.storyboard in Resources */ = {isa = PBXBuildFile; fileRef = F12805C922B68E7400E7BC7A /* LaunchScreen.storyboard */; };
		F12805D622B68E7400E7BC7A /* TestRunnerExampleUITests.swift in Sources */ = {isa = PBXBuildFile; fileRef = F12805D522B68E7400E7BC7A /* TestRunnerExampleUITests.swift */; };
		F12805FC22B68EF700E7BC7A /* SceneRunner+User.swift in Sources */ = {isa = PBXBuildFile; fileRef = F12805EB22B68EF700E7BC7A /* SceneRunner+User.swift */; };
		F12805FD22B68EF700E7BC7A /* LoginScene.swift in Sources */ = {isa = PBXBuildFile; fileRef = F12805ED22B68EF700E7BC7A /* LoginScene.swift */; };
		F12805FE22B68EF700E7BC7A /* OAuthLoginScene.swift in Sources */ = {isa = PBXBuildFile; fileRef = F12805EE22B68EF700E7BC7A /* OAuthLoginScene.swift */; };
		F12805FF22B68EF700E7BC7A /* TabBarScene.swift in Sources */ = {isa = PBXBuildFile; fileRef = F12805EF22B68EF700E7BC7A /* TabBarScene.swift */; };
		F128060022B68EF700E7BC7A /* LogoutScene.swift in Sources */ = {isa = PBXBuildFile; fileRef = F12805F022B68EF700E7BC7A /* LogoutScene.swift */; };
		F128060122B68EF700E7BC7A /* SceneRunner+User.swift in Sources */ = {isa = PBXBuildFile; fileRef = F12805F122B68EF700E7BC7A /* SceneRunner+User.swift */; };
		F128060222B68EF700E7BC7A /* FeaturePlayListScene.swift in Sources */ = {isa = PBXBuildFile; fileRef = F12805F222B68EF700E7BC7A /* FeaturePlayListScene.swift */; };
		F128060322B68EF700E7BC7A /* SearchScene.swift in Sources */ = {isa = PBXBuildFile; fileRef = F12805F322B68EF700E7BC7A /* SearchScene.swift */; };
		F128060422B68EF700E7BC7A /* XCUIElement.swift in Sources */ = {isa = PBXBuildFile; fileRef = F12805F622B68EF700E7BC7A /* XCUIElement.swift */; };
		F128060522B68EF700E7BC7A /* NavigationHelper.swift in Sources */ = {isa = PBXBuildFile; fileRef = F12805F722B68EF700E7BC7A /* NavigationHelper.swift */; };
		F128060622B68EF700E7BC7A /* Sleep.swift in Sources */ = {isa = PBXBuildFile; fileRef = F12805F822B68EF700E7BC7A /* Sleep.swift */; };
		F128060722B68EF700E7BC7A /* SnapshotHelper.swift in Sources */ = {isa = PBXBuildFile; fileRef = F12805FA22B68EF700E7BC7A /* SnapshotHelper.swift */; };
		F128060822B68EF700E7BC7A /* SnapShotMaker.swift in Sources */ = {isa = PBXBuildFile; fileRef = F12805FB22B68EF700E7BC7A /* SnapShotMaker.swift */; };
		F128060A22B68F0E00E7BC7A /* Iterator_IOS.framework in Frameworks */ = {isa = PBXBuildFile; fileRef = F128060922B68F0D00E7BC7A /* Iterator_IOS.framework */; };
		F128060B22B68F0E00E7BC7A /* Iterator_IOS.framework in Embed Frameworks */ = {isa = PBXBuildFile; fileRef = F128060922B68F0D00E7BC7A /* Iterator_IOS.framework */; settings = {ATTRIBUTES = (CodeSignOnCopy, RemoveHeadersOnCopy, ); }; };
		F128061622B68F7E00E7BC7A /* TestRunnerIOS.h in Headers */ = {isa = PBXBuildFile; fileRef = F128061422B68F7E00E7BC7A /* TestRunnerIOS.h */; settings = {ATTRIBUTES = (Public, ); }; };
		F128061922B68F7E00E7BC7A /* TestRunnerIOS.framework in Frameworks */ = {isa = PBXBuildFile; fileRef = F128061222B68F7E00E7BC7A /* TestRunnerIOS.framework */; };
		F128061A22B68F7E00E7BC7A /* TestRunnerIOS.framework in Embed Frameworks */ = {isa = PBXBuildFile; fileRef = F128061222B68F7E00E7BC7A /* TestRunnerIOS.framework */; settings = {ATTRIBUTES = (CodeSignOnCopy, RemoveHeadersOnCopy, ); }; };
		F128061F22B68F8B00E7BC7A /* Iterator_IOS.framework in Frameworks */ = {isa = PBXBuildFile; fileRef = F128060922B68F0D00E7BC7A /* Iterator_IOS.framework */; };
		F128062022B68FA900E7BC7A /* SceneRunner.swift in Sources */ = {isa = PBXBuildFile; fileRef = F12805E422B68EE600E7BC7A /* SceneRunner.swift */; };
		F128062122B68FA900E7BC7A /* SceneRunner+Type.swift in Sources */ = {isa = PBXBuildFile; fileRef = F12805E522B68EE600E7BC7A /* SceneRunner+Type.swift */; };
		F128062222B68FA900E7BC7A /* SceneRunner+Action.swift in Sources */ = {isa = PBXBuildFile; fileRef = F12805E622B68EE600E7BC7A /* SceneRunner+Action.swift */; };
		F128062322B68FA900E7BC7A /* SceneRunnerKind.swift in Sources */ = {isa = PBXBuildFile; fileRef = F12805E822B68EE600E7BC7A /* SceneRunnerKind.swift */; };
		F128062422B68FA900E7BC7A /* SceneKind.swift in Sources */ = {isa = PBXBuildFile; fileRef = F12805E922B68EE600E7BC7A /* SceneKind.swift */; };
		F128062522B68FA900E7BC7A /* SceneKind+Getter.swift in Sources */ = {isa = PBXBuildFile; fileRef = F12805EA22B68EE600E7BC7A /* SceneKind+Getter.swift */; };
/* End PBXBuildFile section */

/* Begin PBXContainerItemProxy section */
		F12805D222B68E7400E7BC7A /* PBXContainerItemProxy */ = {
			isa = PBXContainerItemProxy;
			containerPortal = F12805B522B68E7200E7BC7A /* Project object */;
			proxyType = 1;
			remoteGlobalIDString = F12805BC22B68E7200E7BC7A;
			remoteInfo = TestRunnerExample;
		};
		F128061722B68F7E00E7BC7A /* PBXContainerItemProxy */ = {
			isa = PBXContainerItemProxy;
			containerPortal = F12805B522B68E7200E7BC7A /* Project object */;
			proxyType = 1;
			remoteGlobalIDString = F128061122B68F7E00E7BC7A;
			remoteInfo = TestRunnerIOS;
		};
/* End PBXContainerItemProxy section */

/* Begin PBXCopyFilesBuildPhase section */
		F128060C22B68F0E00E7BC7A /* Embed Frameworks */ = {
			isa = PBXCopyFilesBuildPhase;
			buildActionMask = 2147483647;
			dstPath = "";
			dstSubfolderSpec = 10;
			files = (
				F128061A22B68F7E00E7BC7A /* TestRunnerIOS.framework in Embed Frameworks */,
				F128060B22B68F0E00E7BC7A /* Iterator_IOS.framework in Embed Frameworks */,
			);
			name = "Embed Frameworks";
			runOnlyForDeploymentPostprocessing = 0;
		};
/* End PBXCopyFilesBuildPhase section */

/* Begin PBXFileReference section */
		F12805BD22B68E7200E7BC7A /* TestRunnerExample.app */ = {isa = PBXFileReference; explicitFileType = wrapper.application; includeInIndex = 0; path = TestRunnerExample.app; sourceTree = BUILT_PRODUCTS_DIR; };
		F12805C022B68E7200E7BC7A /* AppDelegate.swift */ = {isa = PBXFileReference; lastKnownFileType = sourcecode.swift; path = AppDelegate.swift; sourceTree = "<group>"; };
		F12805C222B68E7200E7BC7A /* ViewController.swift */ = {isa = PBXFileReference; lastKnownFileType = sourcecode.swift; path = ViewController.swift; sourceTree = "<group>"; };
		F12805C522B68E7200E7BC7A /* Base */ = {isa = PBXFileReference; lastKnownFileType = file.storyboard; name = Base; path = Base.lproj/Main.storyboard; sourceTree = "<group>"; };
		F12805C722B68E7400E7BC7A /* Assets.xcassets */ = {isa = PBXFileReference; lastKnownFileType = folder.assetcatalog; path = Assets.xcassets; sourceTree = "<group>"; };
		F12805CA22B68E7400E7BC7A /* Base */ = {isa = PBXFileReference; lastKnownFileType = file.storyboard; name = Base; path = Base.lproj/LaunchScreen.storyboard; sourceTree = "<group>"; };
		F12805CC22B68E7400E7BC7A /* Info.plist */ = {isa = PBXFileReference; lastKnownFileType = text.plist.xml; path = Info.plist; sourceTree = "<group>"; };
		F12805D122B68E7400E7BC7A /* TestRunnerExampleUITests.xctest */ = {isa = PBXFileReference; explicitFileType = wrapper.cfbundle; includeInIndex = 0; path = TestRunnerExampleUITests.xctest; sourceTree = BUILT_PRODUCTS_DIR; };
		F12805D522B68E7400E7BC7A /* TestRunnerExampleUITests.swift */ = {isa = PBXFileReference; lastKnownFileType = sourcecode.swift; path = TestRunnerExampleUITests.swift; sourceTree = "<group>"; };
		F12805D722B68E7400E7BC7A /* Info.plist */ = {isa = PBXFileReference; lastKnownFileType = text.plist.xml; path = Info.plist; sourceTree = "<group>"; };
		F12805E222B68EE600E7BC7A /* Scene.swift */ = {isa = PBXFileReference; lastKnownFileType = sourcecode.swift; path = Scene.swift; sourceTree = "<group>"; };
		F12805E422B68EE600E7BC7A /* SceneRunner.swift */ = {isa = PBXFileReference; lastKnownFileType = sourcecode.swift; path = SceneRunner.swift; sourceTree = "<group>"; };
		F12805E522B68EE600E7BC7A /* SceneRunner+Type.swift */ = {isa = PBXFileReference; lastKnownFileType = sourcecode.swift; path = "SceneRunner+Type.swift"; sourceTree = "<group>"; };
		F12805E622B68EE600E7BC7A /* SceneRunner+Action.swift */ = {isa = PBXFileReference; lastKnownFileType = sourcecode.swift; path = "SceneRunner+Action.swift"; sourceTree = "<group>"; };
		F12805E822B68EE600E7BC7A /* SceneRunnerKind.swift */ = {isa = PBXFileReference; lastKnownFileType = sourcecode.swift; path = SceneRunnerKind.swift; sourceTree = "<group>"; };
		F12805E922B68EE600E7BC7A /* SceneKind.swift */ = {isa = PBXFileReference; lastKnownFileType = sourcecode.swift; path = SceneKind.swift; sourceTree = "<group>"; };
		F12805EA22B68EE600E7BC7A /* SceneKind+Getter.swift */ = {isa = PBXFileReference; lastKnownFileType = sourcecode.swift; path = "SceneKind+Getter.swift"; sourceTree = "<group>"; };
		F12805EB22B68EF700E7BC7A /* SceneRunner+User.swift */ = {isa = PBXFileReference; fileEncoding = 4; lastKnownFileType = sourcecode.swift; path = "SceneRunner+User.swift"; sourceTree = "<group>"; };
		F12805ED22B68EF700E7BC7A /* LoginScene.swift */ = {isa = PBXFileReference; fileEncoding = 4; lastKnownFileType = sourcecode.swift; path = LoginScene.swift; sourceTree = "<group>"; };
		F12805EE22B68EF700E7BC7A /* OAuthLoginScene.swift */ = {isa = PBXFileReference; fileEncoding = 4; lastKnownFileType = sourcecode.swift; path = OAuthLoginScene.swift; sourceTree = "<group>"; };
		F12805EF22B68EF700E7BC7A /* TabBarScene.swift */ = {isa = PBXFileReference; fileEncoding = 4; lastKnownFileType = sourcecode.swift; path = TabBarScene.swift; sourceTree = "<group>"; };
		F12805F022B68EF700E7BC7A /* LogoutScene.swift */ = {isa = PBXFileReference; fileEncoding = 4; lastKnownFileType = sourcecode.swift; path = LogoutScene.swift; sourceTree = "<group>"; };
		F12805F122B68EF700E7BC7A /* SceneRunner+User.swift */ = {isa = PBXFileReference; fileEncoding = 4; lastKnownFileType = sourcecode.swift; path = "SceneRunner+User.swift"; sourceTree = "<group>"; };
		F12805F222B68EF700E7BC7A /* FeaturePlayListScene.swift */ = {isa = PBXFileReference; fileEncoding = 4; lastKnownFileType = sourcecode.swift; path = FeaturePlayListScene.swift; sourceTree = "<group>"; };
		F12805F322B68EF700E7BC7A /* SearchScene.swift */ = {isa = PBXFileReference; fileEncoding = 4; lastKnownFileType = sourcecode.swift; path = SearchScene.swift; sourceTree = "<group>"; };
		F12805F622B68EF700E7BC7A /* XCUIElement.swift */ = {isa = PBXFileReference; fileEncoding = 4; lastKnownFileType = sourcecode.swift; path = XCUIElement.swift; sourceTree = "<group>"; };
		F12805F722B68EF700E7BC7A /* NavigationHelper.swift */ = {isa = PBXFileReference; fileEncoding = 4; lastKnownFileType = sourcecode.swift; path = NavigationHelper.swift; sourceTree = "<group>"; };
		F12805F822B68EF700E7BC7A /* Sleep.swift */ = {isa = PBXFileReference; fileEncoding = 4; lastKnownFileType = sourcecode.swift; path = Sleep.swift; sourceTree = "<group>"; };
		F12805FA22B68EF700E7BC7A /* SnapshotHelper.swift */ = {isa = PBXFileReference; fileEncoding = 4; lastKnownFileType = sourcecode.swift; path = SnapshotHelper.swift; sourceTree = "<group>"; };
		F12805FB22B68EF700E7BC7A /* SnapShotMaker.swift */ = {isa = PBXFileReference; fileEncoding = 4; lastKnownFileType = sourcecode.swift; path = SnapShotMaker.swift; sourceTree = "<group>"; };
		F128060922B68F0D00E7BC7A /* Iterator_IOS.framework */ = {isa = PBXFileReference; lastKnownFileType = wrapper.framework; name = Iterator_IOS.framework; path = Carthage/Build/iOS/Iterator_IOS.framework; sourceTree = "<group>"; };
		F128061222B68F7E00E7BC7A /* TestRunnerIOS.framework */ = {isa = PBXFileReference; explicitFileType = wrapper.framework; includeInIndex = 0; path = TestRunnerIOS.framework; sourceTree = BUILT_PRODUCTS_DIR; };
		F128061422B68F7E00E7BC7A /* TestRunnerIOS.h */ = {isa = PBXFileReference; lastKnownFileType = sourcecode.c.h; path = TestRunnerIOS.h; sourceTree = "<group>"; };
		F128061522B68F7E00E7BC7A /* Info.plist */ = {isa = PBXFileReference; lastKnownFileType = text.plist.xml; path = Info.plist; sourceTree = "<group>"; };
/* End PBXFileReference section */

/* Begin PBXFrameworksBuildPhase section */
		F12805BA22B68E7200E7BC7A /* Frameworks */ = {
			isa = PBXFrameworksBuildPhase;
			buildActionMask = 2147483647;
			files = (
				F128061922B68F7E00E7BC7A /* TestRunnerIOS.framework in Frameworks */,
				F128060A22B68F0E00E7BC7A /* Iterator_IOS.framework in Frameworks */,
			);
			runOnlyForDeploymentPostprocessing = 0;
		};
		F12805CE22B68E7400E7BC7A /* Frameworks */ = {
			isa = PBXFrameworksBuildPhase;
			buildActionMask = 2147483647;
			files = (
			);
			runOnlyForDeploymentPostprocessing = 0;
		};
		F128060F22B68F7E00E7BC7A /* Frameworks */ = {
			isa = PBXFrameworksBuildPhase;
			buildActionMask = 2147483647;
			files = (
				F128061F22B68F8B00E7BC7A /* Iterator_IOS.framework in Frameworks */,
			);
			runOnlyForDeploymentPostprocessing = 0;
		};
/* End PBXFrameworksBuildPhase section */

/* Begin PBXGroup section */
		F12805B422B68E7200E7BC7A = {
			isa = PBXGroup;
			children = (
				F128060922B68F0D00E7BC7A /* Iterator_IOS.framework */,
				F12805E022B68EE600E7BC7A /* src */,
				F12805BF22B68E7200E7BC7A /* TestRunnerExample */,
				F12805D422B68E7400E7BC7A /* TestRunnerExampleUITests */,
				F128061322B68F7E00E7BC7A /* TestRunnerIOS */,
				F12805BE22B68E7200E7BC7A /* Products */,
				F128061E22B68F8B00E7BC7A /* Frameworks */,
			);
			sourceTree = "<group>";
		};
		F12805BE22B68E7200E7BC7A /* Products */ = {
			isa = PBXGroup;
			children = (
				F12805BD22B68E7200E7BC7A /* TestRunnerExample.app */,
				F12805D122B68E7400E7BC7A /* TestRunnerExampleUITests.xctest */,
				F128061222B68F7E00E7BC7A /* TestRunnerIOS.framework */,
			);
			name = Products;
			sourceTree = "<group>";
		};
		F12805BF22B68E7200E7BC7A /* TestRunnerExample */ = {
			isa = PBXGroup;
			children = (
				F12805C022B68E7200E7BC7A /* AppDelegate.swift */,
				F12805C222B68E7200E7BC7A /* ViewController.swift */,
				F12805C422B68E7200E7BC7A /* Main.storyboard */,
				F12805C722B68E7400E7BC7A /* Assets.xcassets */,
				F12805C922B68E7400E7BC7A /* LaunchScreen.storyboard */,
				F12805CC22B68E7400E7BC7A /* Info.plist */,
			);
			path = TestRunnerExample;
			sourceTree = "<group>";
		};
		F12805D422B68E7400E7BC7A /* TestRunnerExampleUITests */ = {
			isa = PBXGroup;
			children = (
				F12805F422B68EF700E7BC7A /* common */,
				F12805EC22B68EF700E7BC7A /* scene */,
				F12805EB22B68EF700E7BC7A /* SceneRunner+User.swift */,
				F12805FB22B68EF700E7BC7A /* SnapShotMaker.swift */,
				F12805D522B68E7400E7BC7A /* TestRunnerExampleUITests.swift */,
				F12805D722B68E7400E7BC7A /* Info.plist */,
			);
			path = TestRunnerExampleUITests;
			sourceTree = "<group>";
		};
		F12805E022B68EE600E7BC7A /* src */ = {
			isa = PBXGroup;
			children = (
				F12805E222B68EE600E7BC7A /* Scene.swift */,
				F12805E322B68EE600E7BC7A /* runner */,
			);
			path = src;
			sourceTree = "<group>";
		};
		F12805E322B68EE600E7BC7A /* runner */ = {
			isa = PBXGroup;
			children = (
				F12805E722B68EE600E7BC7A /* protocol */,
				F12805E422B68EE600E7BC7A /* SceneRunner.swift */,
				F12805E522B68EE600E7BC7A /* SceneRunner+Type.swift */,
				F12805E622B68EE600E7BC7A /* SceneRunner+Action.swift */,
			);
			path = runner;
			sourceTree = "<group>";
		};
		F12805E722B68EE600E7BC7A /* protocol */ = {
			isa = PBXGroup;
			children = (
				F12805E822B68EE600E7BC7A /* SceneRunnerKind.swift */,
				F12805E922B68EE600E7BC7A /* SceneKind.swift */,
				F12805EA22B68EE600E7BC7A /* SceneKind+Getter.swift */,
			);
			path = protocol;
			sourceTree = "<group>";
		};
		F12805EC22B68EF700E7BC7A /* scene */ = {
			isa = PBXGroup;
			children = (
				F12805ED22B68EF700E7BC7A /* LoginScene.swift */,
				F12805EE22B68EF700E7BC7A /* OAuthLoginScene.swift */,
				F12805EF22B68EF700E7BC7A /* TabBarScene.swift */,
				F12805F022B68EF700E7BC7A /* LogoutScene.swift */,
				F12805F122B68EF700E7BC7A /* SceneRunner+User.swift */,
				F12805F222B68EF700E7BC7A /* FeaturePlayListScene.swift */,
				F12805F322B68EF700E7BC7A /* SearchScene.swift */,
			);
			path = scene;
			sourceTree = "<group>";
		};
		F12805F422B68EF700E7BC7A /* common */ = {
			isa = PBXGroup;
			children = (
				F12805F522B68EF700E7BC7A /* extension */,
				F12805F922B68EF700E7BC7A /* third */,
			);
			path = common;
			sourceTree = "<group>";
		};
		F12805F522B68EF700E7BC7A /* extension */ = {
			isa = PBXGroup;
			children = (
				F12805F622B68EF700E7BC7A /* XCUIElement.swift */,
				F12805F722B68EF700E7BC7A /* NavigationHelper.swift */,
				F12805F822B68EF700E7BC7A /* Sleep.swift */,
			);
			path = extension;
			sourceTree = "<group>";
		};
		F12805F922B68EF700E7BC7A /* third */ = {
			isa = PBXGroup;
			children = (
				F12805FA22B68EF700E7BC7A /* SnapshotHelper.swift */,
			);
			path = third;
			sourceTree = "<group>";
		};
		F128061322B68F7E00E7BC7A /* TestRunnerIOS */ = {
			isa = PBXGroup;
			children = (
				F128061422B68F7E00E7BC7A /* TestRunnerIOS.h */,
				F128061522B68F7E00E7BC7A /* Info.plist */,
			);
			path = TestRunnerIOS;
			sourceTree = "<group>";
		};
		F128061E22B68F8B00E7BC7A /* Frameworks */ = {
			isa = PBXGroup;
			children = (
			);
			name = Frameworks;
			sourceTree = "<group>";
		};
/* End PBXGroup section */

/* Begin PBXHeadersBuildPhase section */
		F128060D22B68F7E00E7BC7A /* Headers */ = {
			isa = PBXHeadersBuildPhase;
			buildActionMask = 2147483647;
			files = (
				F128061622B68F7E00E7BC7A /* TestRunnerIOS.h in Headers */,
			);
			runOnlyForDeploymentPostprocessing = 0;
		};
/* End PBXHeadersBuildPhase section */

/* Begin PBXNativeTarget section */
		F12805BC22B68E7200E7BC7A /* TestRunnerExample */ = {
			isa = PBXNativeTarget;
			buildConfigurationList = F12805DA22B68E7400E7BC7A /* Build configuration list for PBXNativeTarget "TestRunnerExample" */;
			buildPhases = (
				F12805B922B68E7200E7BC7A /* Sources */,
				F12805BA22B68E7200E7BC7A /* Frameworks */,
				F12805BB22B68E7200E7BC7A /* Resources */,
				F128060C22B68F0E00E7BC7A /* Embed Frameworks */,
			);
			buildRules = (
			);
			dependencies = (
				F128061822B68F7E00E7BC7A /* PBXTargetDependency */,
			);
			name = TestRunnerExample;
			productName = TestRunnerExample;
			productReference = F12805BD22B68E7200E7BC7A /* TestRunnerExample.app */;
			productType = "com.apple.product-type.application";
		};
		F12805D022B68E7400E7BC7A /* TestRunnerExampleUITests */ = {
			isa = PBXNativeTarget;
			buildConfigurationList = F12805DD22B68E7400E7BC7A /* Build configuration list for PBXNativeTarget "TestRunnerExampleUITests" */;
			buildPhases = (
				F12805CD22B68E7400E7BC7A /* Sources */,
				F12805CE22B68E7400E7BC7A /* Frameworks */,
				F12805CF22B68E7400E7BC7A /* Resources */,
			);
			buildRules = (
			);
			dependencies = (
				F12805D322B68E7400E7BC7A /* PBXTargetDependency */,
			);
			name = TestRunnerExampleUITests;
			productName = TestRunnerExampleUITests;
			productReference = F12805D122B68E7400E7BC7A /* TestRunnerExampleUITests.xctest */;
			productType = "com.apple.product-type.bundle.ui-testing";
		};
		F128061122B68F7E00E7BC7A /* TestRunnerIOS */ = {
			isa = PBXNativeTarget;
			buildConfigurationList = F128061B22B68F7E00E7BC7A /* Build configuration list for PBXNativeTarget "TestRunnerIOS" */;
			buildPhases = (
				F128060D22B68F7E00E7BC7A /* Headers */,
				F128060E22B68F7E00E7BC7A /* Sources */,
				F128060F22B68F7E00E7BC7A /* Frameworks */,
				F128061022B68F7E00E7BC7A /* Resources */,
			);
			buildRules = (
			);
			dependencies = (
			);
			name = TestRunnerIOS;
			productName = TestRunnerIOS;
			productReference = F128061222B68F7E00E7BC7A /* TestRunnerIOS.framework */;
			productType = "com.apple.product-type.framework";
		};
/* End PBXNativeTarget section */

/* Begin PBXProject section */
		F12805B522B68E7200E7BC7A /* Project object */ = {
			isa = PBXProject;
			attributes = {
				LastSwiftUpdateCheck = 1020;
				LastUpgradeCheck = 1020;
				ORGANIZATIONNAME = FutureLab;
				TargetAttributes = {
					F12805BC22B68E7200E7BC7A = {
						CreatedOnToolsVersion = 10.2;
					};
					F12805D022B68E7400E7BC7A = {
						CreatedOnToolsVersion = 10.2;
						TestTargetID = F12805BC22B68E7200E7BC7A;
					};
					F128061122B68F7E00E7BC7A = {
						CreatedOnToolsVersion = 10.2;
					};
				};
			};
			buildConfigurationList = F12805B822B68E7200E7BC7A /* Build configuration list for PBXProject "TestRunnerExample" */;
			compatibilityVersion = "Xcode 9.3";
			developmentRegion = en;
			hasScannedForEncodings = 0;
			knownRegions = (
				en,
				Base,
			);
			mainGroup = F12805B422B68E7200E7BC7A;
			productRefGroup = F12805BE22B68E7200E7BC7A /* Products */;
			projectDirPath = "";
			projectRoot = "";
			targets = (
				F12805BC22B68E7200E7BC7A /* TestRunnerExample */,
				F12805D022B68E7400E7BC7A /* TestRunnerExampleUITests */,
				F128061122B68F7E00E7BC7A /* TestRunnerIOS */,
			);
		};
/* End PBXProject section */

/* Begin PBXResourcesBuildPhase section */
		F12805BB22B68E7200E7BC7A /* Resources */ = {
			isa = PBXResourcesBuildPhase;
			buildActionMask = 2147483647;
			files = (
				F12805CB22B68E7400E7BC7A /* LaunchScreen.storyboard in Resources */,
				F12805C822B68E7400E7BC7A /* Assets.xcassets in Resources */,
				F12805C622B68E7200E7BC7A /* Main.storyboard in Resources */,
			);
			runOnlyForDeploymentPostprocessing = 0;
		};
		F12805CF22B68E7400E7BC7A /* Resources */ = {
			isa = PBXResourcesBuildPhase;
			buildActionMask = 2147483647;
			files = (
			);
			runOnlyForDeploymentPostprocessing = 0;
		};
		F128061022B68F7E00E7BC7A /* Resources */ = {
			isa = PBXResourcesBuildPhase;
			buildActionMask = 2147483647;
			files = (
			);
			runOnlyForDeploymentPostprocessing = 0;
		};
/* End PBXResourcesBuildPhase section */

/* Begin PBXSourcesBuildPhase section */
		F12805B922B68E7200E7BC7A /* Sources */ = {
			isa = PBXSourcesBuildPhase;
			buildActionMask = 2147483647;
			files = (
				F12805C322B68E7200E7BC7A /* ViewController.swift in Sources */,
				F12805C122B68E7200E7BC7A /* AppDelegate.swift in Sources */,
			);
			runOnlyForDeploymentPostprocessing = 0;
		};
		F12805CD22B68E7400E7BC7A /* Sources */ = {
			isa = PBXSourcesBuildPhase;
			buildActionMask = 2147483647;
			files = (
				F12805FE22B68EF700E7BC7A /* OAuthLoginScene.swift in Sources */,
				F128060222B68EF700E7BC7A /* FeaturePlayListScene.swift in Sources */,
				F128060822B68EF700E7BC7A /* SnapShotMaker.swift in Sources */,
				F12805D622B68E7400E7BC7A /* TestRunnerExampleUITests.swift in Sources */,
				F128060022B68EF700E7BC7A /* LogoutScene.swift in Sources */,
				F12805FD22B68EF700E7BC7A /* LoginScene.swift in Sources */,
				F128060722B68EF700E7BC7A /* SnapshotHelper.swift in Sources */,
				F128060322B68EF700E7BC7A /* SearchScene.swift in Sources */,
				F12805FC22B68EF700E7BC7A /* SceneRunner+User.swift in Sources */,
				F128060522B68EF700E7BC7A /* NavigationHelper.swift in Sources */,
				F128060422B68EF700E7BC7A /* XCUIElement.swift in Sources */,
				F128060122B68EF700E7BC7A /* SceneRunner+User.swift in Sources */,
				F12805FF22B68EF700E7BC7A /* TabBarScene.swift in Sources */,
				F128060622B68EF700E7BC7A /* Sleep.swift in Sources */,
			);
			runOnlyForDeploymentPostprocessing = 0;
		};
		F128060E22B68F7E00E7BC7A /* Sources */ = {
			isa = PBXSourcesBuildPhase;
			buildActionMask = 2147483647;
			files = (
				F128062122B68FA900E7BC7A /* SceneRunner+Type.swift in Sources */,
				F128062022B68FA900E7BC7A /* SceneRunner.swift in Sources */,
				F128062322B68FA900E7BC7A /* SceneRunnerKind.swift in Sources */,
				F128062522B68FA900E7BC7A /* SceneKind+Getter.swift in Sources */,
				F128062422B68FA900E7BC7A /* SceneKind.swift in Sources */,
				F128062222B68FA900E7BC7A /* SceneRunner+Action.swift in Sources */,
			);
			runOnlyForDeploymentPostprocessing = 0;
		};
/* End PBXSourcesBuildPhase section */

/* Begin PBXTargetDependency section */
		F12805D322B68E7400E7BC7A /* PBXTargetDependency */ = {
			isa = PBXTargetDependency;
			target = F12805BC22B68E7200E7BC7A /* TestRunnerExample */;
			targetProxy = F12805D222B68E7400E7BC7A /* PBXContainerItemProxy */;
		};
		F128061822B68F7E00E7BC7A /* PBXTargetDependency */ = {
			isa = PBXTargetDependency;
			target = F128061122B68F7E00E7BC7A /* TestRunnerIOS */;
			targetProxy = F128061722B68F7E00E7BC7A /* PBXContainerItemProxy */;
		};
/* End PBXTargetDependency section */

/* Begin PBXVariantGroup section */
		F12805C422B68E7200E7BC7A /* Main.storyboard */ = {
			isa = PBXVariantGroup;
			children = (
				F12805C522B68E7200E7BC7A /* Base */,
			);
			name = Main.storyboard;
			sourceTree = "<group>";
		};
		F12805C922B68E7400E7BC7A /* LaunchScreen.storyboard */ = {
			isa = PBXVariantGroup;
			children = (
				F12805CA22B68E7400E7BC7A /* Base */,
			);
			name = LaunchScreen.storyboard;
			sourceTree = "<group>";
		};
/* End PBXVariantGroup section */

/* Begin XCBuildConfiguration section */
		F12805D822B68E7400E7BC7A /* Debug */ = {
			isa = XCBuildConfiguration;
			buildSettings = {
				ALWAYS_SEARCH_USER_PATHS = NO;
				CLANG_ANALYZER_NONNULL = YES;
				CLANG_ANALYZER_NUMBER_OBJECT_CONVERSION = YES_AGGRESSIVE;
				CLANG_CXX_LANGUAGE_STANDARD = "gnu++14";
				CLANG_CXX_LIBRARY = "libc++";
				CLANG_ENABLE_MODULES = YES;
				CLANG_ENABLE_OBJC_ARC = YES;
				CLANG_ENABLE_OBJC_WEAK = YES;
				CLANG_WARN_BLOCK_CAPTURE_AUTORELEASING = YES;
				CLANG_WARN_BOOL_CONVERSION = YES;
				CLANG_WARN_COMMA = YES;
				CLANG_WARN_CONSTANT_CONVERSION = YES;
				CLANG_WARN_DEPRECATED_OBJC_IMPLEMENTATIONS = YES;
				CLANG_WARN_DIRECT_OBJC_ISA_USAGE = YES_ERROR;
				CLANG_WARN_DOCUMENTATION_COMMENTS = YES;
				CLANG_WARN_EMPTY_BODY = YES;
				CLANG_WARN_ENUM_CONVERSION = YES;
				CLANG_WARN_INFINITE_RECURSION = YES;
				CLANG_WARN_INT_CONVERSION = YES;
				CLANG_WARN_NON_LITERAL_NULL_CONVERSION = YES;
				CLANG_WARN_OBJC_IMPLICIT_RETAIN_SELF = YES;
				CLANG_WARN_OBJC_LITERAL_CONVERSION = YES;
				CLANG_WARN_OBJC_ROOT_CLASS = YES_ERROR;
				CLANG_WARN_RANGE_LOOP_ANALYSIS = YES;
				CLANG_WARN_STRICT_PROTOTYPES = YES;
				CLANG_WARN_SUSPICIOUS_MOVE = YES;
				CLANG_WARN_UNGUARDED_AVAILABILITY = YES_AGGRESSIVE;
				CLANG_WARN_UNREACHABLE_CODE = YES;
				CLANG_WARN__DUPLICATE_METHOD_MATCH = YES;
				CODE_SIGN_IDENTITY = "iPhone Developer";
				COPY_PHASE_STRIP = NO;
				DEBUG_INFORMATION_FORMAT = dwarf;
				ENABLE_STRICT_OBJC_MSGSEND = YES;
				ENABLE_TESTABILITY = YES;
				GCC_C_LANGUAGE_STANDARD = gnu11;
				GCC_DYNAMIC_NO_PIC = NO;
				GCC_NO_COMMON_BLOCKS = YES;
				GCC_OPTIMIZATION_LEVEL = 0;
				GCC_PREPROCESSOR_DEFINITIONS = (
					"DEBUG=1",
					"$(inherited)",
				);
				GCC_WARN_64_TO_32_BIT_CONVERSION = YES;
				GCC_WARN_ABOUT_RETURN_TYPE = YES_ERROR;
				GCC_WARN_UNDECLARED_SELECTOR = YES;
				GCC_WARN_UNINITIALIZED_AUTOS = YES_AGGRESSIVE;
				GCC_WARN_UNUSED_FUNCTION = YES;
				GCC_WARN_UNUSED_VARIABLE = YES;
				IPHONEOS_DEPLOYMENT_TARGET = 12.2;
				MTL_ENABLE_DEBUG_INFO = INCLUDE_SOURCE;
				MTL_FAST_MATH = YES;
				ONLY_ACTIVE_ARCH = YES;
				SDKROOT = iphoneos;
				SWIFT_ACTIVE_COMPILATION_CONDITIONS = DEBUG;
				SWIFT_OPTIMIZATION_LEVEL = "-Onone";
			};
			name = Debug;
		};
		F12805D922B68E7400E7BC7A /* Release */ = {
			isa = XCBuildConfiguration;
			buildSettings = {
				ALWAYS_SEARCH_USER_PATHS = NO;
				CLANG_ANALYZER_NONNULL = YES;
				CLANG_ANALYZER_NUMBER_OBJECT_CONVERSION = YES_AGGRESSIVE;
				CLANG_CXX_LANGUAGE_STANDARD = "gnu++14";
				CLANG_CXX_LIBRARY = "libc++";
				CLANG_ENABLE_MODULES = YES;
				CLANG_ENABLE_OBJC_ARC = YES;
				CLANG_ENABLE_OBJC_WEAK = YES;
				CLANG_WARN_BLOCK_CAPTURE_AUTORELEASING = YES;
				CLANG_WARN_BOOL_CONVERSION = YES;
				CLANG_WARN_COMMA = YES;
				CLANG_WARN_CONSTANT_CONVERSION = YES;
				CLANG_WARN_DEPRECATED_OBJC_IMPLEMENTATIONS = YES;
				CLANG_WARN_DIRECT_OBJC_ISA_USAGE = YES_ERROR;
				CLANG_WARN_DOCUMENTATION_COMMENTS = YES;
				CLANG_WARN_EMPTY_BODY = YES;
				CLANG_WARN_ENUM_CONVERSION = YES;
				CLANG_WARN_INFINITE_RECURSION = YES;
				CLANG_WARN_INT_CONVERSION = YES;
				CLANG_WARN_NON_LITERAL_NULL_CONVERSION = YES;
				CLANG_WARN_OBJC_IMPLICIT_RETAIN_SELF = YES;
				CLANG_WARN_OBJC_LITERAL_CONVERSION = YES;
				CLANG_WARN_OBJC_ROOT_CLASS = YES_ERROR;
				CLANG_WARN_RANGE_LOOP_ANALYSIS = YES;
				CLANG_WARN_STRICT_PROTOTYPES = YES;
				CLANG_WARN_SUSPICIOUS_MOVE = YES;
				CLANG_WARN_UNGUARDED_AVAILABILITY = YES_AGGRESSIVE;
				CLANG_WARN_UNREACHABLE_CODE = YES;
				CLANG_WARN__DUPLICATE_METHOD_MATCH = YES;
				CODE_SIGN_IDENTITY = "iPhone Developer";
				COPY_PHASE_STRIP = NO;
				DEBUG_INFORMATION_FORMAT = "dwarf-with-dsym";
				ENABLE_NS_ASSERTIONS = NO;
				ENABLE_STRICT_OBJC_MSGSEND = YES;
				GCC_C_LANGUAGE_STANDARD = gnu11;
				GCC_NO_COMMON_BLOCKS = YES;
				GCC_WARN_64_TO_32_BIT_CONVERSION = YES;
				GCC_WARN_ABOUT_RETURN_TYPE = YES_ERROR;
				GCC_WARN_UNDECLARED_SELECTOR = YES;
				GCC_WARN_UNINITIALIZED_AUTOS = YES_AGGRESSIVE;
				GCC_WARN_UNUSED_FUNCTION = YES;
				GCC_WARN_UNUSED_VARIABLE = YES;
				IPHONEOS_DEPLOYMENT_TARGET = 12.2;
				MTL_ENABLE_DEBUG_INFO = NO;
				MTL_FAST_MATH = YES;
				SDKROOT = iphoneos;
				SWIFT_COMPILATION_MODE = wholemodule;
				SWIFT_OPTIMIZATION_LEVEL = "-O";
				VALIDATE_PRODUCT = YES;
			};
			name = Release;
		};
		F12805DB22B68E7400E7BC7A /* Debug */ = {
			isa = XCBuildConfiguration;
			buildSettings = {
				ALWAYS_EMBED_SWIFT_STANDARD_LIBRARIES = YES;
				ASSETCATALOG_COMPILER_APPICON_NAME = AppIcon;
				CODE_SIGN_STYLE = Automatic;
				FRAMEWORK_SEARCH_PATHS = (
					"$(inherited)",
					"$(PROJECT_DIR)/Carthage/Build/iOS",
				);
				INFOPLIST_FILE = TestRunnerExample/Info.plist;
				LD_RUNPATH_SEARCH_PATHS = (
					"$(inherited)",
					"@executable_path/Frameworks",
				);
				PRODUCT_BUNDLE_IDENTIFIER = io.github.futurelab.TestRunnerExample;
				PRODUCT_NAME = "$(TARGET_NAME)";
				SWIFT_VERSION = 5.0;
				TARGETED_DEVICE_FAMILY = "1,2";
			};
			name = Debug;
		};
		F12805DC22B68E7400E7BC7A /* Release */ = {
			isa = XCBuildConfiguration;
			buildSettings = {
				ALWAYS_EMBED_SWIFT_STANDARD_LIBRARIES = YES;
				ASSETCATALOG_COMPILER_APPICON_NAME = AppIcon;
				CODE_SIGN_STYLE = Automatic;
				FRAMEWORK_SEARCH_PATHS = (
					"$(inherited)",
					"$(PROJECT_DIR)/Carthage/Build/iOS",
				);
				INFOPLIST_FILE = TestRunnerExample/Info.plist;
				LD_RUNPATH_SEARCH_PATHS = (
					"$(inherited)",
					"@executable_path/Frameworks",
				);
				PRODUCT_BUNDLE_IDENTIFIER = io.github.futurelab.TestRunnerExample;
				PRODUCT_NAME = "$(TARGET_NAME)";
				SWIFT_VERSION = 5.0;
				TARGETED_DEVICE_FAMILY = "1,2";
			};
			name = Release;
		};
		F12805DE22B68E7400E7BC7A /* Debug */ = {
			isa = XCBuildConfiguration;
			buildSettings = {
				ALWAYS_EMBED_SWIFT_STANDARD_LIBRARIES = YES;
				CODE_SIGN_STYLE = Automatic;
				INFOPLIST_FILE = TestRunnerExampleUITests/Info.plist;
				LD_RUNPATH_SEARCH_PATHS = (
					"$(inherited)",
					"@executable_path/Frameworks",
					"@loader_path/Frameworks",
				);
				PRODUCT_BUNDLE_IDENTIFIER = io.github.futurelab.TestRunnerExampleUITests;
				PRODUCT_NAME = "$(TARGET_NAME)";
				SWIFT_VERSION = 5.0;
				TARGETED_DEVICE_FAMILY = "1,2";
				TEST_TARGET_NAME = TestRunnerExample;
			};
			name = Debug;
		};
		F12805DF22B68E7400E7BC7A /* Release */ = {
			isa = XCBuildConfiguration;
			buildSettings = {
				ALWAYS_EMBED_SWIFT_STANDARD_LIBRARIES = YES;
				CODE_SIGN_STYLE = Automatic;
				INFOPLIST_FILE = TestRunnerExampleUITests/Info.plist;
				LD_RUNPATH_SEARCH_PATHS = (
					"$(inherited)",
					"@executable_path/Frameworks",
					"@loader_path/Frameworks",
				);
				PRODUCT_BUNDLE_IDENTIFIER = io.github.futurelab.TestRunnerExampleUITests;
				PRODUCT_NAME = "$(TARGET_NAME)";
				SWIFT_VERSION = 5.0;
				TARGETED_DEVICE_FAMILY = "1,2";
				TEST_TARGET_NAME = TestRunnerExample;
			};
			name = Release;
		};
		F128061C22B68F7E00E7BC7A /* Debug */ = {
			isa = XCBuildConfiguration;
			buildSettings = {
				CODE_SIGN_IDENTITY = "";
				CODE_SIGN_STYLE = Automatic;
				CURRENT_PROJECT_VERSION = 1;
				DEFINES_MODULE = YES;
				DYLIB_COMPATIBILITY_VERSION = 1;
				DYLIB_CURRENT_VERSION = 1;
				DYLIB_INSTALL_NAME_BASE = "@rpath";
				FRAMEWORK_SEARCH_PATHS = (
					"$(inherited)",
					"$(PROJECT_DIR)/Carthage/Build/iOS",
				);
				INFOPLIST_FILE = TestRunnerIOS/Info.plist;
				INSTALL_PATH = "$(LOCAL_LIBRARY_DIR)/Frameworks";
				LD_RUNPATH_SEARCH_PATHS = (
					"$(inherited)",
					"@executable_path/Frameworks",
					"@loader_path/Frameworks",
				);
				PRODUCT_BUNDLE_IDENTIFIER = io.github.futurelab.TestRunnerIOS;
				PRODUCT_NAME = "$(TARGET_NAME:c99extidentifier)";
				SKIP_INSTALL = YES;
				SWIFT_VERSION = 5.0;
				TARGETED_DEVICE_FAMILY = "1,2";
				VERSIONING_SYSTEM = "apple-generic";
				VERSION_INFO_PREFIX = "";
			};
			name = Debug;
		};
		F128061D22B68F7E00E7BC7A /* Release */ = {
			isa = XCBuildConfiguration;
			buildSettings = {
				CODE_SIGN_IDENTITY = "";
				CODE_SIGN_STYLE = Automatic;
				CURRENT_PROJECT_VERSION = 1;
				DEFINES_MODULE = YES;
				DYLIB_COMPATIBILITY_VERSION = 1;
				DYLIB_CURRENT_VERSION = 1;
				DYLIB_INSTALL_NAME_BASE = "@rpath";
				FRAMEWORK_SEARCH_PATHS = (
					"$(inherited)",
					"$(PROJECT_DIR)/Carthage/Build/iOS",
				);
				INFOPLIST_FILE = TestRunnerIOS/Info.plist;
				INSTALL_PATH = "$(LOCAL_LIBRARY_DIR)/Frameworks";
				LD_RUNPATH_SEARCH_PATHS = (
					"$(inherited)",
					"@executable_path/Frameworks",
					"@loader_path/Frameworks",
				);
				PRODUCT_BUNDLE_IDENTIFIER = io.github.futurelab.TestRunnerIOS;
				PRODUCT_NAME = "$(TARGET_NAME:c99extidentifier)";
				SKIP_INSTALL = YES;
				SWIFT_VERSION = 5.0;
				TARGETED_DEVICE_FAMILY = "1,2";
				VERSIONING_SYSTEM = "apple-generic";
				VERSION_INFO_PREFIX = "";
			};
			name = Release;
		};
/* End XCBuildConfiguration section */

/* Begin XCConfigurationList section */
		F12805B822B68E7200E7BC7A /* Build configuration list for PBXProject "TestRunnerExample" */ = {
			isa = XCConfigurationList;
			buildConfigurations = (
				F12805D822B68E7400E7BC7A /* Debug */,
				F12805D922B68E7400E7BC7A /* Release */,
			);
			defaultConfigurationIsVisible = 0;
			defaultConfigurationName = Release;
		};
		F12805DA22B68E7400E7BC7A /* Build configuration list for PBXNativeTarget "TestRunnerExample" */ = {
			isa = XCConfigurationList;
			buildConfigurations = (
				F12805DB22B68E7400E7BC7A /* Debug */,
				F12805DC22B68E7400E7BC7A /* Release */,
			);
			defaultConfigurationIsVisible = 0;
			defaultConfigurationName = Release;
		};
		F12805DD22B68E7400E7BC7A /* Build configuration list for PBXNativeTarget "TestRunnerExampleUITests" */ = {
			isa = XCConfigurationList;
			buildConfigurations = (
				F12805DE22B68E7400E7BC7A /* Debug */,
				F12805DF22B68E7400E7BC7A /* Release */,
			);
			defaultConfigurationIsVisible = 0;
			defaultConfigurationName = Release;
		};
		F128061B22B68F7E00E7BC7A /* Build configuration list for PBXNativeTarget "TestRunnerIOS" */ = {
			isa = XCConfigurationList;
			buildConfigurations = (
				F128061C22B68F7E00E7BC7A /* Debug */,
				F128061D22B68F7E00E7BC7A /* Release */,
			);
			defaultConfigurationIsVisible = 0;
			defaultConfigurationName = Release;
		};
/* End XCConfigurationList section */
	};
	rootObject = F12805B522B68E7200E7BC7A /* Project object */;
}
