{
  "pins" : [
    {
      "identity" : "iterator",
      "kind" : "remoteSourceControl",
      "location" : "https://github.com/eonist/Iterator.git",
      "state" : {
        "branch" : "master",
        "revision" : "478aaf66373574f51ad6785852743f89ec69eb65"
      }
    },
    {
      "identity" : "uitestsugar",
      "kind" : "remoteSourceControl",
      "location" : "https://github.com/eonist/UITestSugar.git",
      "state" : {
        "branch" : "master",
        "revision" : "28df083106b5e0c6bfce68140ec8cac5b0bb8d99"
      }
    }
  ],
  "version" : 2
}
