{
  "pins" : [
    {
      "identity" : "iterator",
      "kind" : "remoteSourceControl",
      "location" : "https://github.com/eonist/Iterator.git",
      "state" : {
        "branch" : "master",
        "revision" : "f6ebf4c8d329f572396b75f38f260fe573df4ef1"
      }
    },
    {
      "identity" : "uitestsugar",
      "kind" : "remoteSourceControl",
      "location" : "https://github.com/eonist/UITestSugar.git",
      "state" : {
        "branch" : "master",
        "revision" : "1b42ce8ff86788a5d705f407257779c6f14d2d0c"
      }
    }
  ],
  "version" : 2
}
