{
  "pins" : [
    {
      "identity" : "uitestsugar",
      "kind" : "remoteSourceControl",
      "location" : "https://github.com/eonist/UITestSugar",
      "state" : {
        "branch" : "master",
        "revision" : "57ad82303067bedb1f42347f64c9440b7290644d"
      }
    }
  ],
  "version" : 2
}
