{
  "pins" : [
    {
      "identity" : "uitestsugar",
      "kind" : "remoteSourceControl",
      "location" : "https://github.com/eonist/UITestSugar",
      "state" : {
        "branch" : "master",
        "revision" : "4df4ac4b56a783017fd3785f7a28778d9360d8cc"
      }
    }
  ],
  "version" : 2
}
