// !$*UTF8*$!
{
	archiveVersion = 1;
	classes = {
	};
	objectVersion = 52;
	objects = {

/* Begin PBXBuildFile section */
		F167D8ED2688C5370009ACA8 /* AppDelegate.swift in Sources */ = {isa = PBXBuildFile; fileRef = F167D8EC2688C5370009ACA8 /* AppDelegate.swift */; };
		F167D8F62688C5430009ACA8 /* Assets.xcassets in Resources */ = {isa = PBXBuildFile; fileRef = F167D8F52688C5430009ACA8 /* Assets.xcassets */; };
		F167D8F92688C5430009ACA8 /* LaunchScreen.storyboard in Resources */ = {isa = PBXBuildFile; fileRef = F167D8F72688C5430009ACA8 /* LaunchScreen.storyboard */; };
		F167D9082688C5CD0009ACA8 /* TestRunnerAppUITests.swift in Sources */ = {isa = PBXBuildFile; fileRef = F167D9072688C5CD0009ACA8 /* TestRunnerAppUITests.swift */; };
		F1F52CEF2917E92000D62EBC /* XCTest.framework in Sources */ = {isa = PBXBuildFile; fileRef = F1F52CEA2917E86900D62EBC /* XCTest.framework */; };
		F1F52CF32917EABD00D62EBC /* UITestSugar in Frameworks */ = {isa = PBXBuildFile; productRef = F1F52CF22917EABD00D62EBC /* UITestSugar */; };
		F1F52CF42917EAC700D62EBC /* XCTest.framework in Frameworks */ = {isa = PBXBuildFile; fileRef = F1F52CEA2917E86900D62EBC /* XCTest.framework */; };
		F1F52CF52917EAC700D62EBC /* XCTest.framework in Embed Frameworks */ = {isa = PBXBuildFile; fileRef = F1F52CEA2917E86900D62EBC /* XCTest.framework */; settings = {ATTRIBUTES = (CodeSignOnCopy, RemoveHeadersOnCopy, ); }; };
		F1F52CF72917EADE00D62EBC /* XCTest.framework in Resources */ = {isa = PBXBuildFile; fileRef = F1F52CEA2917E86900D62EBC /* XCTest.framework */; };
		F1F52CF92917EAEC00D62EBC /* UITestSugar in Frameworks */ = {isa = PBXBuildFile; productRef = F1F52CF82917EAEC00D62EBC /* UITestSugar */; };
		F1F52CFA2917EAF000D62EBC /* XCTest.framework in Frameworks */ = {isa = PBXBuildFile; fileRef = F1F52CEA2917E86900D62EBC /* XCTest.framework */; };
		F1F52CFB2917EB2200D62EBC /* XCTest.framework in Resources */ = {isa = PBXBuildFile; fileRef = F1F52CEA2917E86900D62EBC /* XCTest.framework */; };
		F1F52D002917EB6700D62EBC /* XCTest.framework in Sources */ = {isa = PBXBuildFile; fileRef = F1F52CEA2917E86900D62EBC /* XCTest.framework */; };
/* End PBXBuildFile section */

/* Begin PBXContainerItemProxy section */
		F167D90A2688C5CD0009ACA8 /* PBXContainerItemProxy */ = {
			isa = PBXContainerItemProxy;
			containerPortal = 519E3D4B1FECAFBA009DD741 /* Project object */;
			proxyType = 1;
			remoteGlobalIDString = F167D8E92688C5370009ACA8;
			remoteInfo = TestRunnerApp;
		};
/* End PBXContainerItemProxy section */

/* Begin PBXCopyFilesBuildPhase section */
		F1F52CF62917EAC700D62EBC /* Embed Frameworks */ = {
			isa = PBXCopyFilesBuildPhase;
			buildActionMask = 8;
			dstPath = "";
			dstSubfolderSpec = 10;
			files = (
				F1F52CF52917EAC700D62EBC /* XCTest.framework in Embed Frameworks */,
			);
			name = "Embed Frameworks";
			runOnlyForDeploymentPostprocessing = 1;
		};
/* End PBXCopyFilesBuildPhase section */

/* Begin PBXFileReference section */
		F167D8EA2688C5370009ACA8 /* TestRunnerApp.app */ = {isa = PBXFileReference; explicitFileType = wrapper.application; includeInIndex = 0; path = TestRunnerApp.app; sourceTree = BUILT_PRODUCTS_DIR; };
		F167D8EC2688C5370009ACA8 /* AppDelegate.swift */ = {isa = PBXFileReference; lastKnownFileType = sourcecode.swift; path = AppDelegate.swift; sourceTree = "<group>"; };
		F167D8F52688C5430009ACA8 /* Assets.xcassets */ = {isa = PBXFileReference; lastKnownFileType = folder.assetcatalog; path = Assets.xcassets; sourceTree = "<group>"; };
		F167D8F82688C5430009ACA8 /* Base */ = {isa = PBXFileReference; lastKnownFileType = file.storyboard; name = Base; path = Base.lproj/LaunchScreen.storyboard; sourceTree = "<group>"; };
		F167D8FA2688C5440009ACA8 /* Info.plist */ = {isa = PBXFileReference; lastKnownFileType = text.plist.xml; path = Info.plist; sourceTree = "<group>"; };
		F167D9052688C5CC0009ACA8 /* TestRunnerAppUITests.xctest */ = {isa = PBXFileReference; explicitFileType = wrapper.cfbundle; includeInIndex = 0; path = TestRunnerAppUITests.xctest; sourceTree = BUILT_PRODUCTS_DIR; };
		F167D9072688C5CD0009ACA8 /* TestRunnerAppUITests.swift */ = {isa = PBXFileReference; lastKnownFileType = sourcecode.swift; path = TestRunnerAppUITests.swift; sourceTree = "<group>"; };
		F167D9092688C5CD0009ACA8 /* Info.plist */ = {isa = PBXFileReference; lastKnownFileType = text.plist.xml; path = Info.plist; sourceTree = "<group>"; };
		F1F52CEA2917E86900D62EBC /* XCTest.framework */ = {isa = PBXFileReference; lastKnownFileType = wrapper.framework; name = XCTest.framework; path = Platforms/iPhoneOS.platform/Developer/Library/Frameworks/XCTest.framework; sourceTree = DEVELOPER_DIR; };
/* End PBXFileReference section */

/* Begin PBXFrameworksBuildPhase section */
		F167D8E72688C5370009ACA8 /* Frameworks */ = {
			isa = PBXFrameworksBuildPhase;
			buildActionMask = 2147483647;
			files = (
				F1F52CF32917EABD00D62EBC /* UITestSugar in Frameworks */,
				F1F52CF42917EAC700D62EBC /* XCTest.framework in Frameworks */,
			);
			runOnlyForDeploymentPostprocessing = 0;
		};
		F167D9022688C5CC0009ACA8 /* Frameworks */ = {
			isa = PBXFrameworksBuildPhase;
			buildActionMask = 2147483647;
			files = (
				F1F52CFA2917EAF000D62EBC /* XCTest.framework in Frameworks */,
				F1F52CF92917EAEC00D62EBC /* UITestSugar in Frameworks */,
			);
			runOnlyForDeploymentPostprocessing = 0;
		};
/* End PBXFrameworksBuildPhase section */

/* Begin PBXGroup section */
		519E3D4A1FECAFBA009DD741 = {
			isa = PBXGroup;
			children = (
				F167D8EB2688C5370009ACA8 /* TestRunnerApp */,
				F167D9062688C5CD0009ACA8 /* TestRunnerAppUITests */,
				519E3D551FECAFBA009DD741 /* Products */,
				9D56A64622BCEC4F00A7B01C /* Frameworks */,
			);
			sourceTree = "<group>";
		};
		519E3D551FECAFBA009DD741 /* Products */ = {
			isa = PBXGroup;
			children = (
				F167D8EA2688C5370009ACA8 /* TestRunnerApp.app */,
				F167D9052688C5CC0009ACA8 /* TestRunnerAppUITests.xctest */,
			);
			name = Products;
			sourceTree = "<group>";
		};
		9D56A64622BCEC4F00A7B01C /* Frameworks */ = {
			isa = PBXGroup;
			children = (
				F1F52CEA2917E86900D62EBC /* XCTest.framework */,
			);
			name = Frameworks;
			sourceTree = "<group>";
		};
		F167D8EB2688C5370009ACA8 /* TestRunnerApp */ = {
			isa = PBXGroup;
			children = (
				F167D8EC2688C5370009ACA8 /* AppDelegate.swift */,
				F167D8F52688C5430009ACA8 /* Assets.xcassets */,
				F167D8F72688C5430009ACA8 /* LaunchScreen.storyboard */,
				F167D8FA2688C5440009ACA8 /* Info.plist */,
			);
			path = TestRunnerApp;
			sourceTree = "<group>";
		};
		F167D9062688C5CD0009ACA8 /* TestRunnerAppUITests */ = {
			isa = PBXGroup;
			children = (
				F167D9072688C5CD0009ACA8 /* TestRunnerAppUITests.swift */,
				F167D9092688C5CD0009ACA8 /* Info.plist */,
			);
			path = TestRunnerAppUITests;
			sourceTree = "<group>";
		};
/* End PBXGroup section */

/* Begin PBXNativeTarget section */
		F167D8E92688C5370009ACA8 /* TestRunnerApp */ = {
			isa = PBXNativeTarget;
			buildConfigurationList = F167D8FB2688C5440009ACA8 /* Build configuration list for PBXNativeTarget "TestRunnerApp" */;
			buildPhases = (
				F167D8E62688C5370009ACA8 /* Sources */,
				F167D8E72688C5370009ACA8 /* Frameworks */,
				F167D8E82688C5370009ACA8 /* Resources */,
				F1F52CF62917EAC700D62EBC /* Embed Frameworks */,
			);
			buildRules = (
			);
			dependencies = (
				F1F52CFD2917EB4B00D62EBC /* PBXTargetDependency */,
			);
			name = TestRunnerApp;
			packageProductDependencies = (
				F1F52CF22917EABD00D62EBC /* UITestSugar */,
			);
			productName = TestRunnerApp;
			productReference = F167D8EA2688C5370009ACA8 /* TestRunnerApp.app */;
			productType = "com.apple.product-type.application";
		};
		F167D9042688C5CC0009ACA8 /* TestRunnerAppUITests */ = {
			isa = PBXNativeTarget;
			buildConfigurationList = F167D90C2688C5CD0009ACA8 /* Build configuration list for PBXNativeTarget "TestRunnerAppUITests" */;
			buildPhases = (
				F167D9012688C5CC0009ACA8 /* Sources */,
				F167D9022688C5CC0009ACA8 /* Frameworks */,
				F167D9032688C5CC0009ACA8 /* Resources */,
			);
			buildRules = (
			);
			dependencies = (
				F1F52CFF2917EB5F00D62EBC /* PBXTargetDependency */,
				F167D90B2688C5CD0009ACA8 /* PBXTargetDependency */,
			);
			name = TestRunnerAppUITests;
			packageProductDependencies = (
				F1F52CF82917EAEC00D62EBC /* UITestSugar */,
			);
			productName = TestRunnerAppUITests;
			productReference = F167D9052688C5CC0009ACA8 /* TestRunnerAppUITests.xctest */;
			productType = "com.apple.product-type.bundle.ui-testing";
		};
/* End PBXNativeTarget section */

/* Begin PBXProject section */
		519E3D4B1FECAFBA009DD741 /* Project object */ = {
			isa = PBXProject;
			attributes = {
				LastSwiftUpdateCheck = 1240;
				LastUpgradeCheck = 1240;
				ORGANIZATIONNAME = shindyu;
				TargetAttributes = {
					F167D8E92688C5370009ACA8 = {
						CreatedOnToolsVersion = 12.4;
					};
					F167D9042688C5CC0009ACA8 = {
						CreatedOnToolsVersion = 12.4;
						TestTargetID = F167D8E92688C5370009ACA8;
					};
				};
			};
			buildConfigurationList = 519E3D4E1FECAFBA009DD741 /* Build configuration list for PBXProject "TestRunner" */;
			compatibilityVersion = "Xcode 8.0";
			developmentRegion = en;
			hasScannedForEncodings = 0;
			knownRegions = (
				en,
				Base,
			);
			mainGroup = 519E3D4A1FECAFBA009DD741;
			packageReferences = (
				F167D8C12688C3A20009ACA8 /* XCRemoteSwiftPackageReference "UITestSugar" */,
			);
			productRefGroup = 519E3D551FECAFBA009DD741 /* Products */;
			projectDirPath = "";
			projectRoot = "";
			targets = (
				F167D8E92688C5370009ACA8 /* TestRunnerApp */,
				F167D9042688C5CC0009ACA8 /* TestRunnerAppUITests */,
			);
		};
/* End PBXProject section */

/* Begin PBXResourcesBuildPhase section */
		F167D8E82688C5370009ACA8 /* Resources */ = {
			isa = PBXResourcesBuildPhase;
			buildActionMask = 2147483647;
			files = (
				F1F52CFB2917EB2200D62EBC /* XCTest.framework in Resources */,
				F167D8F92688C5430009ACA8 /* LaunchScreen.storyboard in Resources */,
				F167D8F62688C5430009ACA8 /* Assets.xcassets in Resources */,
			);
			runOnlyForDeploymentPostprocessing = 0;
		};
		F167D9032688C5CC0009ACA8 /* Resources */ = {
			isa = PBXResourcesBuildPhase;
			buildActionMask = 2147483647;
			files = (
				F1F52CF72917EADE00D62EBC /* XCTest.framework in Resources */,
			);
			runOnlyForDeploymentPostprocessing = 0;
		};
/* End PBXResourcesBuildPhase section */

/* Begin PBXSourcesBuildPhase section */
		F167D8E62688C5370009ACA8 /* Sources */ = {
			isa = PBXSourcesBuildPhase;
			buildActionMask = 2147483647;
			files = (
				F1F52CEF2917E92000D62EBC /* XCTest.framework in Sources */,
				F167D8ED2688C5370009ACA8 /* AppDelegate.swift in Sources */,
			);
			runOnlyForDeploymentPostprocessing = 0;
		};
		F167D9012688C5CC0009ACA8 /* Sources */ = {
			isa = PBXSourcesBuildPhase;
			buildActionMask = 2147483647;
			files = (
				F1F52D002917EB6700D62EBC /* XCTest.framework in Sources */,
				F167D9082688C5CD0009ACA8 /* TestRunnerAppUITests.swift in Sources */,
			);
			runOnlyForDeploymentPostprocessing = 0;
		};
/* End PBXSourcesBuildPhase section */

/* Begin PBXTargetDependency section */
		F167D90B2688C5CD0009ACA8 /* PBXTargetDependency */ = {
			isa = PBXTargetDependency;
			target = F167D8E92688C5370009ACA8 /* TestRunnerApp */;
			targetProxy = F167D90A2688C5CD0009ACA8 /* PBXContainerItemProxy */;
		};
		F1F52CFD2917EB4B00D62EBC /* PBXTargetDependency */ = {
			isa = PBXTargetDependency;
			productRef = F1F52CFC2917EB4B00D62EBC /* UITestSugar */;
		};
		F1F52CFF2917EB5F00D62EBC /* PBXTargetDependency */ = {
			isa = PBXTargetDependency;
			productRef = F1F52CFE2917EB5F00D62EBC /* UITestSugar */;
		};
/* End PBXTargetDependency section */

/* Begin PBXVariantGroup section */
		F167D8F72688C5430009ACA8 /* LaunchScreen.storyboard */ = {
			isa = PBXVariantGroup;
			children = (
				F167D8F82688C5430009ACA8 /* Base */,
			);
			name = LaunchScreen.storyboard;
			sourceTree = "<group>";
		};
/* End PBXVariantGroup section */

/* Begin XCBuildConfiguration section */
		519E3D661FECAFBA009DD741 /* Debug */ = {
			isa = XCBuildConfiguration;
			buildSettings = {
				ALWAYS_SEARCH_USER_PATHS = NO;
				CLANG_ANALYZER_NONNULL = YES;
				CLANG_ANALYZER_NUMBER_OBJECT_CONVERSION = YES_AGGRESSIVE;
				CLANG_CXX_LANGUAGE_STANDARD = "gnu++14";
				CLANG_CXX_LIBRARY = "libc++";
				CLANG_ENABLE_MODULES = YES;
				CLANG_ENABLE_OBJC_ARC = YES;
				CLANG_WARN_BLOCK_CAPTURE_AUTORELEASING = YES;
				CLANG_WARN_BOOL_CONVERSION = YES;
				CLANG_WARN_COMMA = YES;
				CLANG_WARN_CONSTANT_CONVERSION = YES;
				CLANG_WARN_DEPRECATED_OBJC_IMPLEMENTATIONS = YES;
				CLANG_WARN_DIRECT_OBJC_ISA_USAGE = YES_ERROR;
				CLANG_WARN_DOCUMENTATION_COMMENTS = YES;
				CLANG_WARN_EMPTY_BODY = YES;
				CLANG_WARN_ENUM_CONVERSION = YES;
				CLANG_WARN_INFINITE_RECURSION = YES;
				CLANG_WARN_INT_CONVERSION = YES;
				CLANG_WARN_NON_LITERAL_NULL_CONVERSION = YES;
				CLANG_WARN_OBJC_IMPLICIT_RETAIN_SELF = YES;
				CLANG_WARN_OBJC_LITERAL_CONVERSION = YES;
				CLANG_WARN_OBJC_ROOT_CLASS = YES_ERROR;
				CLANG_WARN_QUOTED_INCLUDE_IN_FRAMEWORK_HEADER = YES;
				CLANG_WARN_RANGE_LOOP_ANALYSIS = YES;
				CLANG_WARN_STRICT_PROTOTYPES = YES;
				CLANG_WARN_SUSPICIOUS_MOVE = YES;
				CLANG_WARN_UNGUARDED_AVAILABILITY = YES_AGGRESSIVE;
				CLANG_WARN_UNREACHABLE_CODE = YES;
				CLANG_WARN__DUPLICATE_METHOD_MATCH = YES;
				CODE_SIGN_IDENTITY = "iPhone Developer";
				COPY_PHASE_STRIP = NO;
				CURRENT_PROJECT_VERSION = 1;
				DEBUG_INFORMATION_FORMAT = dwarf;
				ENABLE_STRICT_OBJC_MSGSEND = YES;
				ENABLE_TESTABILITY = YES;
				GCC_C_LANGUAGE_STANDARD = gnu11;
				GCC_DYNAMIC_NO_PIC = NO;
				GCC_NO_COMMON_BLOCKS = YES;
				GCC_OPTIMIZATION_LEVEL = 0;
				GCC_PREPROCESSOR_DEFINITIONS = (
					"DEBUG=1",
					"$(inherited)",
				);
				GCC_WARN_64_TO_32_BIT_CONVERSION = YES;
				GCC_WARN_ABOUT_RETURN_TYPE = YES_ERROR;
				GCC_WARN_UNDECLARED_SELECTOR = YES;
				GCC_WARN_UNINITIALIZED_AUTOS = YES_AGGRESSIVE;
				GCC_WARN_UNUSED_FUNCTION = YES;
				GCC_WARN_UNUSED_VARIABLE = YES;
				IPHONEOS_DEPLOYMENT_TARGET = 12.2;
				MTL_ENABLE_DEBUG_INFO = YES;
				ONLY_ACTIVE_ARCH = YES;
				SDKROOT = iphoneos;
				SWIFT_ACTIVE_COMPILATION_CONDITIONS = DEBUG;
				SWIFT_OPTIMIZATION_LEVEL = "-Onone";
				VERSIONING_SYSTEM = "apple-generic";
				VERSION_INFO_PREFIX = "";
			};
			name = Debug;
		};
		519E3D671FECAFBA009DD741 /* Release */ = {
			isa = XCBuildConfiguration;
			buildSettings = {
				ALWAYS_SEARCH_USER_PATHS = NO;
				CLANG_ANALYZER_NONNULL = YES;
				CLANG_ANALYZER_NUMBER_OBJECT_CONVERSION = YES_AGGRESSIVE;
				CLANG_CXX_LANGUAGE_STANDARD = "gnu++14";
				CLANG_CXX_LIBRARY = "libc++";
				CLANG_ENABLE_MODULES = YES;
				CLANG_ENABLE_OBJC_ARC = YES;
				CLANG_WARN_BLOCK_CAPTURE_AUTORELEASING = YES;
				CLANG_WARN_BOOL_CONVERSION = YES;
				CLANG_WARN_COMMA = YES;
				CLANG_WARN_CONSTANT_CONVERSION = YES;
				CLANG_WARN_DEPRECATED_OBJC_IMPLEMENTATIONS = YES;
				CLANG_WARN_DIRECT_OBJC_ISA_USAGE = YES_ERROR;
				CLANG_WARN_DOCUMENTATION_COMMENTS = YES;
				CLANG_WARN_EMPTY_BODY = YES;
				CLANG_WARN_ENUM_CONVERSION = YES;
				CLANG_WARN_INFINITE_RECURSION = YES;
				CLANG_WARN_INT_CONVERSION = YES;
				CLANG_WARN_NON_LITERAL_NULL_CONVERSION = YES;
				CLANG_WARN_OBJC_IMPLICIT_RETAIN_SELF = YES;
				CLANG_WARN_OBJC_LITERAL_CONVERSION = YES;
				CLANG_WARN_OBJC_ROOT_CLASS = YES_ERROR;
				CLANG_WARN_QUOTED_INCLUDE_IN_FRAMEWORK_HEADER = YES;
				CLANG_WARN_RANGE_LOOP_ANALYSIS = YES;
				CLANG_WARN_STRICT_PROTOTYPES = YES;
				CLANG_WARN_SUSPICIOUS_MOVE = YES;
				CLANG_WARN_UNGUARDED_AVAILABILITY = YES_AGGRESSIVE;
				CLANG_WARN_UNREACHABLE_CODE = YES;
				CLANG_WARN__DUPLICATE_METHOD_MATCH = YES;
				CODE_SIGN_IDENTITY = "iPhone Developer";
				COPY_PHASE_STRIP = NO;
				CURRENT_PROJECT_VERSION = 1;
				DEBUG_INFORMATION_FORMAT = "dwarf-with-dsym";
				ENABLE_NS_ASSERTIONS = NO;
				ENABLE_STRICT_OBJC_MSGSEND = YES;
				GCC_C_LANGUAGE_STANDARD = gnu11;
				GCC_NO_COMMON_BLOCKS = YES;
				GCC_WARN_64_TO_32_BIT_CONVERSION = YES;
				GCC_WARN_ABOUT_RETURN_TYPE = YES_ERROR;
				GCC_WARN_UNDECLARED_SELECTOR = YES;
				GCC_WARN_UNINITIALIZED_AUTOS = YES_AGGRESSIVE;
				GCC_WARN_UNUSED_FUNCTION = YES;
				GCC_WARN_UNUSED_VARIABLE = YES;
				IPHONEOS_DEPLOYMENT_TARGET = 12.2;
				MTL_ENABLE_DEBUG_INFO = NO;
				SDKROOT = iphoneos;
				SWIFT_COMPILATION_MODE = wholemodule;
				SWIFT_OPTIMIZATION_LEVEL = "-O";
				VALIDATE_PRODUCT = YES;
				VERSIONING_SYSTEM = "apple-generic";
				VERSION_INFO_PREFIX = "";
			};
			name = Release;
		};
		F167D8FC2688C5440009ACA8 /* Debug */ = {
			isa = XCBuildConfiguration;
			buildSettings = {
				ALWAYS_SEARCH_USER_PATHS = YES;
				ASSETCATALOG_COMPILER_APPICON_NAME = AppIcon;
				ASSETCATALOG_COMPILER_GLOBAL_ACCENT_COLOR_NAME = AccentColor;
				CLANG_ENABLE_OBJC_WEAK = YES;
				CODE_SIGN_STYLE = Automatic;
				EMBED_ASSET_PACKS_IN_PRODUCT_BUNDLE = YES;
				FRAMEWORK_SEARCH_PATHS = "$(PLATFORM_DIR)/Developer/Library/Frameworks";
				INFOPLIST_FILE = TestRunnerApp/Info.plist;
				IPHONEOS_DEPLOYMENT_TARGET = 15.5;
				LD_RUNPATH_SEARCH_PATHS = (
					"$(inherited)",
					"@executable_path/Frameworks",
				);
				LIBRARY_SEARCH_PATHS = "$(PLATFORM_DIR)/Developer/Library/Frameworks";
				MTL_ENABLE_DEBUG_INFO = INCLUDE_SOURCE;
				MTL_FAST_MATH = YES;
				PRODUCT_BUNDLE_IDENTIFIER = co.sentry.TestRunnerApp;
				PRODUCT_NAME = "$(TARGET_NAME)";
				SWIFT_VERSION = 5.0;
				SYSTEM_FRAMEWORK_SEARCH_PATHS = "$(PLATFORM_DIR)/Developer/Library/Frameworks";
				TARGETED_DEVICE_FAMILY = 1;
			};
			name = Debug;
		};
		F167D8FD2688C5440009ACA8 /* Release */ = {
			isa = XCBuildConfiguration;
			buildSettings = {
				ALWAYS_SEARCH_USER_PATHS = YES;
				ASSETCATALOG_COMPILER_APPICON_NAME = AppIcon;
				ASSETCATALOG_COMPILER_GLOBAL_ACCENT_COLOR_NAME = AccentColor;
				CLANG_ENABLE_OBJC_WEAK = YES;
				CODE_SIGN_STYLE = Automatic;
				EMBED_ASSET_PACKS_IN_PRODUCT_BUNDLE = YES;
				FRAMEWORK_SEARCH_PATHS = "$(PLATFORM_DIR)/Developer/Library/Frameworks";
				INFOPLIST_FILE = TestRunnerApp/Info.plist;
				IPHONEOS_DEPLOYMENT_TARGET = 15.5;
				LD_RUNPATH_SEARCH_PATHS = (
					"$(inherited)",
					"@executable_path/Frameworks",
				);
				LIBRARY_SEARCH_PATHS = "$(PLATFORM_DIR)/Developer/Library/Frameworks";
				MTL_FAST_MATH = YES;
				PRODUCT_BUNDLE_IDENTIFIER = co.sentry.TestRunnerApp;
				PRODUCT_NAME = "$(TARGET_NAME)";
				SWIFT_VERSION = 5.0;
				SYSTEM_FRAMEWORK_SEARCH_PATHS = "$(PLATFORM_DIR)/Developer/Library/Frameworks";
				TARGETED_DEVICE_FAMILY = 1;
			};
			name = Release;
		};
		F167D90D2688C5CD0009ACA8 /* Debug */ = {
			isa = XCBuildConfiguration;
			buildSettings = {
				ALWAYS_SEARCH_USER_PATHS = YES;
				CLANG_ENABLE_OBJC_WEAK = YES;
				CODE_SIGN_STYLE = Automatic;
				FRAMEWORK_SEARCH_PATHS = "$(PLATFORM_DIR)/Developer/Library/Frameworks";
				INFOPLIST_FILE = TestRunnerAppUITests/Info.plist;
				IPHONEOS_DEPLOYMENT_TARGET = 15.5;
				LD_RUNPATH_SEARCH_PATHS = (
					"$(inherited)",
					"@executable_path/Frameworks",
					"@loader_path/Frameworks",
				);
				MTL_ENABLE_DEBUG_INFO = INCLUDE_SOURCE;
				MTL_FAST_MATH = YES;
				PRODUCT_BUNDLE_IDENTIFIER = co.sentry.TestRunnerAppUITests;
				PRODUCT_NAME = "$(TARGET_NAME)";
				SWIFT_VERSION = 5.0;
				SYSTEM_FRAMEWORK_SEARCH_PATHS = "$(PLATFORM_DIR)/Developer/Library/Frameworks";
				TARGETED_DEVICE_FAMILY = "1,2";
				TEST_TARGET_NAME = TestRunnerApp;
			};
			name = Debug;
		};
		F167D90E2688C5CD0009ACA8 /* Release */ = {
			isa = XCBuildConfiguration;
			buildSettings = {
				ALWAYS_SEARCH_USER_PATHS = YES;
				CLANG_ENABLE_OBJC_WEAK = YES;
				CODE_SIGN_STYLE = Automatic;
				FRAMEWORK_SEARCH_PATHS = "$(PLATFORM_DIR)/Developer/Library/Frameworks";
				INFOPLIST_FILE = TestRunnerAppUITests/Info.plist;
				IPHONEOS_DEPLOYMENT_TARGET = 15.5;
				LD_RUNPATH_SEARCH_PATHS = (
					"$(inherited)",
					"@executable_path/Frameworks",
					"@loader_path/Frameworks",
				);
				MTL_FAST_MATH = YES;
				PRODUCT_BUNDLE_IDENTIFIER = co.sentry.TestRunnerAppUITests;
				PRODUCT_NAME = "$(TARGET_NAME)";
				SWIFT_VERSION = 5.0;
				SYSTEM_FRAMEWORK_SEARCH_PATHS = "$(PLATFORM_DIR)/Developer/Library/Frameworks";
				TARGETED_DEVICE_FAMILY = "1,2";
				TEST_TARGET_NAME = TestRunnerApp;
			};
			name = Release;
		};
/* End XCBuildConfiguration section */

/* Begin XCConfigurationList section */
		519E3D4E1FECAFBA009DD741 /* Build configuration list for PBXProject "TestRunner" */ = {
			isa = XCConfigurationList;
			buildConfigurations = (
				519E3D661FECAFBA009DD741 /* Debug */,
				519E3D671FECAFBA009DD741 /* Release */,
			);
			defaultConfigurationIsVisible = 0;
			defaultConfigurationName = Release;
		};
		F167D8FB2688C5440009ACA8 /* Build configuration list for PBXNativeTarget "TestRunnerApp" */ = {
			isa = XCConfigurationList;
			buildConfigurations = (
				F167D8FC2688C5440009ACA8 /* Debug */,
				F167D8FD2688C5440009ACA8 /* Release */,
			);
			defaultConfigurationIsVisible = 0;
			defaultConfigurationName = Release;
		};
		F167D90C2688C5CD0009ACA8 /* Build configuration list for PBXNativeTarget "TestRunnerAppUITests" */ = {
			isa = XCConfigurationList;
			buildConfigurations = (
				F167D90D2688C5CD0009ACA8 /* Debug */,
				F167D90E2688C5CD0009ACA8 /* Release */,
			);
			defaultConfigurationIsVisible = 0;
			defaultConfigurationName = Release;
		};
/* End XCConfigurationList section */

/* Begin XCRemoteSwiftPackageReference section */
		F167D8C12688C3A20009ACA8 /* XCRemoteSwiftPackageReference "UITestSugar" */ = {
			isa = XCRemoteSwiftPackageReference;
			repositoryURL = "https://github.com/eonist/UITestSugar";
			requirement = {
				branch = master;
				kind = branch;
			};
		};
/* End XCRemoteSwiftPackageReference section */

/* Begin XCSwiftPackageProductDependency section */
		F1F52CF22917EABD00D62EBC /* UITestSugar */ = {
			isa = XCSwiftPackageProductDependency;
			package = F167D8C12688C3A20009ACA8 /* XCRemoteSwiftPackageReference "UITestSugar" */;
			productName = UITestSugar;
		};
		F1F52CF82917EAEC00D62EBC /* UITestSugar */ = {
			isa = XCSwiftPackageProductDependency;
			package = F167D8C12688C3A20009ACA8 /* XCRemoteSwiftPackageReference "UITestSugar" */;
			productName = UITestSugar;
		};
		F1F52CFC2917EB4B00D62EBC /* UITestSugar */ = {
			isa = XCSwiftPackageProductDependency;
			package = F167D8C12688C3A20009ACA8 /* XCRemoteSwiftPackageReference "UITestSugar" */;
			productName = UITestSugar;
		};
		F1F52CFE2917EB5F00D62EBC /* UITestSugar */ = {
			isa = XCSwiftPackageProductDependency;
			package = F167D8C12688C3A20009ACA8 /* XCRemoteSwiftPackageReference "UITestSugar" */;
			productName = UITestSugar;
		};
/* End XCSwiftPackageProductDependency section */
	};
	rootObject = 519E3D4B1FECAFBA009DD741 /* Project object */;
}
